
Microsoft Visual Studio Solution File, Format Version 12.00
# Visual Studio Version 16
VisualStudioVersion = 16.0.33328.57
MinimumVisualStudioVersion = 10.0.40219.1
Project("{FAE04EC0-301F-11D3-BF4B-00C04F79EFBC}") = "DotnetProject1", "DotnetProject1\DotnetProject1.csproj", "{92E4F139-6CC3-45C4-95EB-B18C43D8D123}"
EndProject
Global
	GlobalSection(SolutionConfigurationPlatforms) = preSolution
		Debug|Any CPU = Debug|Any CPU
		Release|Any CPU = Release|Any CPU
	EndGlobalSection
	GlobalSection(ProjectConfigurationPlatforms) = postSolution
		{92E4F139-6CC3-45C4-95EB-B18C43D8D123}.Debug|Any CPU.ActiveCfg = Debug|Any CPU
		{92E4F139-6CC3-45C4-95EB-B18C43D8D123}.Debug|Any CPU.Build.0 = Debug|Any CPU
		{92E4F139-6CC3-45C4-95EB-B18C43D8D123}.Release|Any CPU.ActiveCfg = Release|Any CPU
		{92E4F139-6CC3-45C4-95EB-B18C43D8D123}.Release|Any CPU.Build.0 = Release|Any CPU
	EndGlobalSection
	GlobalSection(SolutionProperties) = preSolution
		HideSolutionNode = FALSE
	EndGlobalSection
	GlobalSection(ExtensibilityGlobals) = postSolution
		SolutionGuid = {E0CED474-689F-44A9-80B8-36DF8CDEC076}
	EndGlobalSection
EndGlobal
